{
  "name": "ghotify",
  "version": "1.0.0",
  "lockfileVersion": 1,
  "requires": true,
  "dependencies": {
    "@types/node": {
      "version": "12.19.12",
      "resolved": "https://registry.npmjs.org/@types/node/-/node-12.19.12.tgz",
      "integrity": "sha512-UwfL2uIU9arX/+/PRcIkT08/iBadGN2z6ExOROA2Dh5mAuWTBj6iJbQX4nekiV5H8cTrEG569LeX+HRco9Cbxw==",
      "dev": true
    },
    "@types/prettier": {
      "version": "2.1.6",
      "resolved": "https://registry.npmjs.org/@types/prettier/-/prettier-2.1.6.tgz",
      "integrity": "sha512-6gOkRe7OIioWAXfnO/2lFiv+SJichKVSys1mSsgyrYHSEjk8Ctv4tSR/Odvnu+HWlH2C8j53dahU03XmQdd5fA==",
      "dev": true
    },
    "fastest-levenshtein": {
      "version": "1.0.12",
      "resolved": "https://registry.npmjs.org/fastest-levenshtein/-/fastest-levenshtein-1.0.12.tgz",
      "integrity": "sha512-On2N+BpYJ15xIC974QNVuYGMOlEVt4s0EOI3wwMqOmK1fdDY+FN/zltPV8vosq4ad4c/gJ1KHScUn/6AWIgiow=="
    },
    "prettier": {
      "version": "2.2.1",
      "resolved": "https://registry.npmjs.org/prettier/-/prettier-2.2.1.tgz",
      "integrity": "sha512-PqyhM2yCjg/oKkFPtTGUojv7gnZAoG80ttl45O6x2Ug/rMJw4wcc9k6aaf2hibP7BGVCCM33gZoGjyvt9mm16Q==",
      "dev": true
    }
  }
}
